
Microsoft Visual Studio Solution File, Format Version 12.00
# Visual Studio Version 17
VisualStudioVersion = 17.13.35931.197 d17.13
MinimumVisualStudioVersion = 10.0.40219.1
Project("{FAE04EC0-301F-11D3-BF4B-00C04F79EFBC}") = "Copilot-Extension", "Copilot-Extension.csproj", "{B77F53B8-6BBC-4BE0-AA6B-4B08D9CD9D42}"
EndProject
Global
	GlobalSection(SolutionConfigurationPlatforms) = preSolution
		Debug|Any CPU = Debug|Any CPU
		Release|Any CPU = Release|Any CPU
	EndGlobalSection
	GlobalSection(ProjectConfigurationPlatforms) = postSolution
		{B77F53B8-6BBC-4BE0-AA6B-4B08D9CD9D42}.Debug|Any CPU.ActiveCfg = Debug|Any CPU
		{B77F53B8-6BBC-4BE0-AA6B-4B08D9CD9D42}.Debug|Any CPU.Build.0 = Debug|Any CPU
		{B77F53B8-6BBC-4BE0-AA6B-4B08D9CD9D42}.Release|Any CPU.ActiveCfg = Release|Any CPU
		{B77F53B8-6BBC-4BE0-AA6B-4B08D9CD9D42}.Release|Any CPU.Build.0 = Release|Any CPU
	EndGlobalSection
	GlobalSection(SolutionProperties) = preSolution
		HideSolutionNode = FALSE
	EndGlobalSection
	GlobalSection(ExtensibilityGlobals) = postSolution
		SolutionGuid = {835E440D-BAD1-440D-BEE9-2A16BB13479E}
	EndGlobalSection
EndGlobal
